// !$*UTF8*$!
{
	archiveVersion = 1;
	classes = {
	};
	objectVersion = 56;
	objects = {

/* Begin PBXBuildFile section */
		A5513EC22AFE61D9000BAD05 /* AppDelegate.swift in Sources */ = {isa = PBXBuildFile; fileRef = A5513EC12AFE61D9000BAD05 /* AppDelegate.swift */; };
		A5513EC42AFE61D9000BAD05 /* SceneDelegate.swift in Sources */ = {isa = PBXBuildFile; fileRef = A5513EC32AFE61D9000BAD05 /* SceneDelegate.swift */; };
		A5513ECB2AFE61DB000BAD05 /* Assets.xcassets in Resources */ = {isa = PBXBuildFile; fileRef = A5513ECA2AFE61DB000BAD05 /* Assets.xcassets */; };
		A5513ECE2AFE61DB000BAD05 /* LaunchScreen.storyboard in Resources */ = {isa = PBXBuildFile; fileRef = A5513ECC2AFE61DB000BAD05 /* LaunchScreen.storyboard */; };
		A5513ED62AFE623B000BAD05 /* LineMangaTabBarController.swift in Sources */ = {isa = PBXBuildFile; fileRef = A5513ED52AFE623B000BAD05 /* LineMangaTabBarController.swift */; };
		A5513EDA2AFE6341000BAD05 /* RecommendationViewController.swift in Sources */ = {isa = PBXBuildFile; fileRef = A5513ED92AFE6341000BAD05 /* RecommendationViewController.swift */; };
		A5513EDD2AFE6378000BAD05 /* RankingViewController.swift in Sources */ = {isa = PBXBuildFile; fileRef = A5513EDC2AFE6378000BAD05 /* RankingViewController.swift */; };
		A5EBA5E42AFF5E0A00210FD9 /* MyMenuViewController.swift in Sources */ = {isa = PBXBuildFile; fileRef = A5EBA5E32AFF5E0A00210FD9 /* MyMenuViewController.swift */; };
		A5EBA5E72AFF69CA00210FD9 /* SearchViewController.swift in Sources */ = {isa = PBXBuildFile; fileRef = A5EBA5E62AFF69CA00210FD9 /* SearchViewController.swift */; };
		A5EBA5EC2AFF779200210FD9 /* LineMangaNavigationController.swift in Sources */ = {isa = PBXBuildFile; fileRef = A5EBA5EB2AFF779200210FD9 /* LineMangaNavigationController.swift */; };
		A5EBA5EF2AFF7EDA00210FD9 /* PinLayout in Frameworks */ = {isa = PBXBuildFile; productRef = A5EBA5EE2AFF7EDA00210FD9 /* PinLayout */; };
		A5EBA5F22B0A00B400210FD9 /* RecommendationTopCarouselCell.swift in Sources */ = {isa = PBXBuildFile; fileRef = A5EBA5F12B0A00B400210FD9 /* RecommendationTopCarouselCell.swift */; };
		A5EBA5F52B0F325000210FD9 /* CarouselImage.swift in Sources */ = {isa = PBXBuildFile; fileRef = A5EBA5F42B0F324F00210FD9 /* CarouselImage.swift */; };
		A5EBA5F82B0F4F3800210FD9 /* SubHeaderView.swift in Sources */ = {isa = PBXBuildFile; fileRef = A5EBA5F72B0F4F3800210FD9 /* SubHeaderView.swift */; };
		A5EBA5FA2B0F4FE500210FD9 /* HeaderButton.swift in Sources */ = {isa = PBXBuildFile; fileRef = A5EBA5F92B0F4FE500210FD9 /* HeaderButton.swift */; };
		A5EBA5FC2B0F578000210FD9 /* SubHeaderViewCell.swift in Sources */ = {isa = PBXBuildFile; fileRef = A5EBA5FB2B0F578000210FD9 /* SubHeaderViewCell.swift */; };
		A5EBA5FF2B0F5AC600210FD9 /* Recommendation.swift in Sources */ = {isa = PBXBuildFile; fileRef = A5EBA5FE2B0F5AC600210FD9 /* Recommendation.swift */; };
		A5EBA6012B107CE300210FD9 /* Book.swift in Sources */ = {isa = PBXBuildFile; fileRef = A5EBA6002B107CE300210FD9 /* Book.swift */; };
		A5EBA6032B10826200210FD9 /* ContinuationBookCell.swift in Sources */ = {isa = PBXBuildFile; fileRef = A5EBA6022B10826200210FD9 /* ContinuationBookCell.swift */; };
		A5EBA6052B1091D900210FD9 /* SectionBackgroundDecorationView.swift in Sources */ = {isa = PBXBuildFile; fileRef = A5EBA6042B1091D900210FD9 /* SectionBackgroundDecorationView.swift */; };
		A5EBA6072B10961900210FD9 /* BookHeaderView.swift in Sources */ = {isa = PBXBuildFile; fileRef = A5EBA6062B10961900210FD9 /* BookHeaderView.swift */; };
		A5EBA6092B11C96F00210FD9 /* RecommendationTopCarouselView.swift in Sources */ = {isa = PBXBuildFile; fileRef = A5EBA6082B11C96F00210FD9 /* RecommendationTopCarouselView.swift */; };
		A5EBA60B2B11E5D600210FD9 /* AdvertisementView.swift in Sources */ = {isa = PBXBuildFile; fileRef = A5EBA60A2B11E5D600210FD9 /* AdvertisementView.swift */; };
		A5EBA60D2B122A4C00210FD9 /* Advertisement.swift in Sources */ = {isa = PBXBuildFile; fileRef = A5EBA60C2B122A4C00210FD9 /* Advertisement.swift */; };
/* End PBXBuildFile section */

/* Begin PBXFileReference section */
		A5513EBE2AFE61D9000BAD05 /* LineMangaSample.app */ = {isa = PBXFileReference; explicitFileType = wrapper.application; includeInIndex = 0; path = LineMangaSample.app; sourceTree = BUILT_PRODUCTS_DIR; };
		A5513EC12AFE61D9000BAD05 /* AppDelegate.swift */ = {isa = PBXFileReference; lastKnownFileType = sourcecode.swift; path = AppDelegate.swift; sourceTree = "<group>"; };
		A5513EC32AFE61D9000BAD05 /* SceneDelegate.swift */ = {isa = PBXFileReference; lastKnownFileType = sourcecode.swift; path = SceneDelegate.swift; sourceTree = "<group>"; };
		A5513ECA2AFE61DB000BAD05 /* Assets.xcassets */ = {isa = PBXFileReference; lastKnownFileType = folder.assetcatalog; path = Assets.xcassets; sourceTree = "<group>"; };
		A5513ECD2AFE61DB000BAD05 /* Base */ = {isa = PBXFileReference; lastKnownFileType = file.storyboard; name = Base; path = Base.lproj/LaunchScreen.storyboard; sourceTree = "<group>"; };
		A5513ECF2AFE61DB000BAD05 /* Info.plist */ = {isa = PBXFileReference; lastKnownFileType = text.plist.xml; path = Info.plist; sourceTree = "<group>"; };
		A5513ED52AFE623B000BAD05 /* LineMangaTabBarController.swift */ = {isa = PBXFileReference; lastKnownFileType = sourcecode.swift; path = LineMangaTabBarController.swift; sourceTree = "<group>"; };
		A5513ED92AFE6341000BAD05 /* RecommendationViewController.swift */ = {isa = PBXFileReference; lastKnownFileType = sourcecode.swift; path = RecommendationViewController.swift; sourceTree = "<group>"; };
		A5513EDC2AFE6378000BAD05 /* RankingViewController.swift */ = {isa = PBXFileReference; lastKnownFileType = sourcecode.swift; path = RankingViewController.swift; sourceTree = "<group>"; };
		A5EBA5E32AFF5E0A00210FD9 /* MyMenuViewController.swift */ = {isa = PBXFileReference; lastKnownFileType = sourcecode.swift; path = MyMenuViewController.swift; sourceTree = "<group>"; };
		A5EBA5E62AFF69CA00210FD9 /* SearchViewController.swift */ = {isa = PBXFileReference; lastKnownFileType = sourcecode.swift; path = SearchViewController.swift; sourceTree = "<group>"; };
		A5EBA5EB2AFF779200210FD9 /* LineMangaNavigationController.swift */ = {isa = PBXFileReference; lastKnownFileType = sourcecode.swift; path = LineMangaNavigationController.swift; sourceTree = "<group>"; };
		A5EBA5F12B0A00B400210FD9 /* RecommendationTopCarouselCell.swift */ = {isa = PBXFileReference; lastKnownFileType = sourcecode.swift; path = RecommendationTopCarouselCell.swift; sourceTree = "<group>"; };
		A5EBA5F42B0F324F00210FD9 /* CarouselImage.swift */ = {isa = PBXFileReference; lastKnownFileType = sourcecode.swift; path = CarouselImage.swift; sourceTree = "<group>"; };
		A5EBA5F72B0F4F3800210FD9 /* SubHeaderView.swift */ = {isa = PBXFileReference; lastKnownFileType = sourcecode.swift; path = SubHeaderView.swift; sourceTree = "<group>"; };
		A5EBA5F92B0F4FE500210FD9 /* HeaderButton.swift */ = {isa = PBXFileReference; lastKnownFileType = sourcecode.swift; path = HeaderButton.swift; sourceTree = "<group>"; };
		A5EBA5FB2B0F578000210FD9 /* SubHeaderViewCell.swift */ = {isa = PBXFileReference; lastKnownFileType = sourcecode.swift; path = SubHeaderViewCell.swift; sourceTree = "<group>"; };
		A5EBA5FE2B0F5AC600210FD9 /* Recommendation.swift */ = {isa = PBXFileReference; lastKnownFileType = sourcecode.swift; path = Recommendation.swift; sourceTree = "<group>"; };
		A5EBA6002B107CE300210FD9 /* Book.swift */ = {isa = PBXFileReference; lastKnownFileType = sourcecode.swift; path = Book.swift; sourceTree = "<group>"; };
		A5EBA6022B10826200210FD9 /* ContinuationBookCell.swift */ = {isa = PBXFileReference; lastKnownFileType = sourcecode.swift; path = ContinuationBookCell.swift; sourceTree = "<group>"; };
		A5EBA6042B1091D900210FD9 /* SectionBackgroundDecorationView.swift */ = {isa = PBXFileReference; lastKnownFileType = sourcecode.swift; path = SectionBackgroundDecorationView.swift; sourceTree = "<group>"; };
		A5EBA6062B10961900210FD9 /* BookHeaderView.swift */ = {isa = PBXFileReference; lastKnownFileType = sourcecode.swift; path = BookHeaderView.swift; sourceTree = "<group>"; };
		A5EBA6082B11C96F00210FD9 /* RecommendationTopCarouselView.swift */ = {isa = PBXFileReference; lastKnownFileType = sourcecode.swift; path = RecommendationTopCarouselView.swift; sourceTree = "<group>"; };
		A5EBA60A2B11E5D600210FD9 /* AdvertisementView.swift */ = {isa = PBXFileReference; lastKnownFileType = sourcecode.swift; path = AdvertisementView.swift; sourceTree = "<group>"; };
		A5EBA60C2B122A4C00210FD9 /* Advertisement.swift */ = {isa = PBXFileReference; lastKnownFileType = sourcecode.swift; path = Advertisement.swift; sourceTree = "<group>"; };
/* End PBXFileReference section */

/* Begin PBXFrameworksBuildPhase section */
		A5513EBB2AFE61D9000BAD05 /* Frameworks */ = {
			isa = PBXFrameworksBuildPhase;
			buildActionMask = 2147483647;
			files = (
				A5EBA5EF2AFF7EDA00210FD9 /* PinLayout in Frameworks */,
			);
			runOnlyForDeploymentPostprocessing = 0;
		};
/* End PBXFrameworksBuildPhase section */

/* Begin PBXGroup section */
		A5513EB52AFE61D9000BAD05 = {
			isa = PBXGroup;
			children = (
				A5513EC02AFE61D9000BAD05 /* LineMangaSample */,
				A5513EBF2AFE61D9000BAD05 /* Products */,
			);
			sourceTree = "<group>";
		};
		A5513EBF2AFE61D9000BAD05 /* Products */ = {
			isa = PBXGroup;
			children = (
				A5513EBE2AFE61D9000BAD05 /* LineMangaSample.app */,
			);
			name = Products;
			sourceTree = "<group>";
		};
		A5513EC02AFE61D9000BAD05 /* LineMangaSample */ = {
			isa = PBXGroup;
			children = (
				A5513EC12AFE61D9000BAD05 /* AppDelegate.swift */,
				A5513EC32AFE61D9000BAD05 /* SceneDelegate.swift */,
				A5EBA5F32B0F31B000210FD9 /* Model */,
				A5EBA5E82AFF6B0200210FD9 /* Logic */,
				A5513ED72AFE624F000BAD05 /* UI */,
				A5513ECA2AFE61DB000BAD05 /* Assets.xcassets */,
				A5513ECC2AFE61DB000BAD05 /* LaunchScreen.storyboard */,
				A5513ECF2AFE61DB000BAD05 /* Info.plist */,
			);
			path = LineMangaSample;
			sourceTree = "<group>";
		};
		A5513ED72AFE624F000BAD05 /* UI */ = {
			isa = PBXGroup;
			children = (
				A5513ED52AFE623B000BAD05 /* LineMangaTabBarController.swift */,
				A5513ED82AFE62D2000BAD05 /* Recommendation */,
				A5513EDB2AFE6364000BAD05 /* Ranking */,
				A5EBA5E22AFF5DED00210FD9 /* MyMenu */,
				A5EBA5E52AFF69B700210FD9 /* Search */,
			);
			path = UI;
			sourceTree = "<group>";
		};
		A5513ED82AFE62D2000BAD05 /* Recommendation */ = {
			isa = PBXGroup;
			children = (
				A5EBA5F62B0F4B7D00210FD9 /* View */,
				A5EBA5F02B0A002700210FD9 /* Cell */,
				A5513ED92AFE6341000BAD05 /* RecommendationViewController.swift */,
			);
			path = Recommendation;
			sourceTree = "<group>";
		};
		A5513EDB2AFE6364000BAD05 /* Ranking */ = {
			isa = PBXGroup;
			children = (
				A5513EDC2AFE6378000BAD05 /* RankingViewController.swift */,
			);
			path = Ranking;
			sourceTree = "<group>";
		};
		A5EBA5E22AFF5DED00210FD9 /* MyMenu */ = {
			isa = PBXGroup;
			children = (
				A5EBA5E32AFF5E0A00210FD9 /* MyMenuViewController.swift */,
			);
			path = MyMenu;
			sourceTree = "<group>";
		};
		A5EBA5E52AFF69B700210FD9 /* Search */ = {
			isa = PBXGroup;
			children = (
				A5EBA5E62AFF69CA00210FD9 /* SearchViewController.swift */,
			);
			path = Search;
			sourceTree = "<group>";
		};
		A5EBA5E82AFF6B0200210FD9 /* Logic */ = {
			isa = PBXGroup;
			children = (
				A5EBA5EB2AFF779200210FD9 /* LineMangaNavigationController.swift */,
			);
			path = Logic;
			sourceTree = "<group>";
		};
		A5EBA5F02B0A002700210FD9 /* Cell */ = {
			isa = PBXGroup;
			children = (
				A5EBA5F12B0A00B400210FD9 /* RecommendationTopCarouselCell.swift */,
				A5EBA5FB2B0F578000210FD9 /* SubHeaderViewCell.swift */,
				A5EBA6022B10826200210FD9 /* ContinuationBookCell.swift */,
			);
			path = Cell;
			sourceTree = "<group>";
		};
		A5EBA5F32B0F31B000210FD9 /* Model */ = {
			isa = PBXGroup;
			children = (
				A5EBA5FE2B0F5AC600210FD9 /* Recommendation.swift */,
				A5EBA5F42B0F324F00210FD9 /* CarouselImage.swift */,
				A5EBA5F92B0F4FE500210FD9 /* HeaderButton.swift */,
				A5EBA6002B107CE300210FD9 /* Book.swift */,
				A5EBA60C2B122A4C00210FD9 /* Advertisement.swift */,
			);
			path = Model;
			sourceTree = "<group>";
		};
		A5EBA5F62B0F4B7D00210FD9 /* View */ = {
			isa = PBXGroup;
			children = (
				A5EBA5F72B0F4F3800210FD9 /* SubHeaderView.swift */,
				A5EBA6042B1091D900210FD9 /* SectionBackgroundDecorationView.swift */,
				A5EBA6062B10961900210FD9 /* BookHeaderView.swift */,
				A5EBA6082B11C96F00210FD9 /* RecommendationTopCarouselView.swift */,
				A5EBA60A2B11E5D600210FD9 /* AdvertisementView.swift */,
			);
			path = View;
			sourceTree = "<group>";
		};
/* End PBXGroup section */

/* Begin PBXNativeTarget section */
		A5513EBD2AFE61D9000BAD05 /* LineMangaSample */ = {
			isa = PBXNativeTarget;
			buildConfigurationList = A5513ED22AFE61DB000BAD05 /* Build configuration list for PBXNativeTarget "LineMangaSample" */;
			buildPhases = (
				A5513EBA2AFE61D9000BAD05 /* Sources */,
				A5513EBB2AFE61D9000BAD05 /* Frameworks */,
				A5513EBC2AFE61D9000BAD05 /* Resources */,
			);
			buildRules = (
			);
			dependencies = (
			);
			name = LineMangaSample;
			packageProductDependencies = (
				A5EBA5EE2AFF7EDA00210FD9 /* PinLayout */,
			);
			productName = LineMangaSample;
			productReference = A5513EBE2AFE61D9000BAD05 /* LineMangaSample.app */;
			productType = "com.apple.product-type.application";
		};
/* End PBXNativeTarget section */

/* Begin PBXProject section */
		A5513EB62AFE61D9000BAD05 /* Project object */ = {
			isa = PBXProject;
			attributes = {
				BuildIndependentTargetsInParallel = 1;
				LastSwiftUpdateCheck = 1430;
				LastUpgradeCheck = 1430;
				TargetAttributes = {
					A5513EBD2AFE61D9000BAD05 = {
						CreatedOnToolsVersion = 14.3.1;
					};
				};
			};
			buildConfigurationList = A5513EB92AFE61D9000BAD05 /* Build configuration list for PBXProject "LineMangaSample" */;
			compatibilityVersion = "Xcode 14.0";
			developmentRegion = en;
			hasScannedForEncodings = 0;
			knownRegions = (
				en,
				Base,
			);
			mainGroup = A5513EB52AFE61D9000BAD05;
			packageReferences = (
				A5EBA5ED2AFF7EDA00210FD9 /* XCRemoteSwiftPackageReference "PinLayout" */,
			);
			productRefGroup = A5513EBF2AFE61D9000BAD05 /* Products */;
			projectDirPath = "";
			projectRoot = "";
			targets = (
				A5513EBD2AFE61D9000BAD05 /* LineMangaSample */,
			);
		};
/* End PBXProject section */

/* Begin PBXResourcesBuildPhase section */
		A5513EBC2AFE61D9000BAD05 /* Resources */ = {
			isa = PBXResourcesBuildPhase;
			buildActionMask = 2147483647;
			files = (
				A5513ECE2AFE61DB000BAD05 /* LaunchScreen.storyboard in Resources */,
				A5513ECB2AFE61DB000BAD05 /* Assets.xcassets in Resources */,
			);
			runOnlyForDeploymentPostprocessing = 0;
		};
/* End PBXResourcesBuildPhase section */

/* Begin PBXSourcesBuildPhase section */
		A5513EBA2AFE61D9000BAD05 /* Sources */ = {
			isa = PBXSourcesBuildPhase;
			buildActionMask = 2147483647;
			files = (
				A5513EDD2AFE6378000BAD05 /* RankingViewController.swift in Sources */,
				A5EBA5E72AFF69CA00210FD9 /* SearchViewController.swift in Sources */,
				A5EBA6052B1091D900210FD9 /* SectionBackgroundDecorationView.swift in Sources */,
				A5513ED62AFE623B000BAD05 /* LineMangaTabBarController.swift in Sources */,
				A5EBA5F52B0F325000210FD9 /* CarouselImage.swift in Sources */,
				A5EBA6032B10826200210FD9 /* ContinuationBookCell.swift in Sources */,
				A5513EDA2AFE6341000BAD05 /* RecommendationViewController.swift in Sources */,
				A5EBA5EC2AFF779200210FD9 /* LineMangaNavigationController.swift in Sources */,
				A5EBA5E42AFF5E0A00210FD9 /* MyMenuViewController.swift in Sources */,
				A5513EC22AFE61D9000BAD05 /* AppDelegate.swift in Sources */,
				A5EBA6012B107CE300210FD9 /* Book.swift in Sources */,
				A5EBA5FC2B0F578000210FD9 /* SubHeaderViewCell.swift in Sources */,
				A5EBA60B2B11E5D600210FD9 /* AdvertisementView.swift in Sources */,
				A5513EC42AFE61D9000BAD05 /* SceneDelegate.swift in Sources */,
				A5EBA60D2B122A4C00210FD9 /* Advertisement.swift in Sources */,
				A5EBA5F82B0F4F3800210FD9 /* SubHeaderView.swift in Sources */,
				A5EBA5FA2B0F4FE500210FD9 /* HeaderButton.swift in Sources */,
				A5EBA6072B10961900210FD9 /* BookHeaderView.swift in Sources */,
				A5EBA5FF2B0F5AC600210FD9 /* Recommendation.swift in Sources */,
				A5EBA5F22B0A00B400210FD9 /* RecommendationTopCarouselCell.swift in Sources */,
				A5EBA6092B11C96F00210FD9 /* RecommendationTopCarouselView.swift in Sources */,
			);
			runOnlyForDeploymentPostprocessing = 0;
		};
/* End PBXSourcesBuildPhase section */

/* Begin PBXVariantGroup section */
		A5513ECC2AFE61DB000BAD05 /* LaunchScreen.storyboard */ = {
			isa = PBXVariantGroup;
			children = (
				A5513ECD2AFE61DB000BAD05 /* Base */,
			);
			name = LaunchScreen.storyboard;
			sourceTree = "<group>";
		};
/* End PBXVariantGroup section */

/* Begin XCBuildConfiguration section */
		A5513ED02AFE61DB000BAD05 /* Debug */ = {
			isa = XCBuildConfiguration;
			buildSettings = {
				ALWAYS_SEARCH_USER_PATHS = NO;
				CLANG_ANALYZER_NONNULL = YES;
				CLANG_ANALYZER_NUMBER_OBJECT_CONVERSION = YES_AGGRESSIVE;
				CLANG_CXX_LANGUAGE_STANDARD = "gnu++20";
				CLANG_ENABLE_MODULES = YES;
				CLANG_ENABLE_OBJC_ARC = YES;
				CLANG_ENABLE_OBJC_WEAK = YES;
				CLANG_WARN_BLOCK_CAPTURE_AUTORELEASING = YES;
				CLANG_WARN_BOOL_CONVERSION = YES;
				CLANG_WARN_COMMA = YES;
				CLANG_WARN_CONSTANT_CONVERSION = YES;
				CLANG_WARN_DEPRECATED_OBJC_IMPLEMENTATIONS = YES;
				CLANG_WARN_DIRECT_OBJC_ISA_USAGE = YES_ERROR;
				CLANG_WARN_DOCUMENTATION_COMMENTS = YES;
				CLANG_WARN_EMPTY_BODY = YES;
				CLANG_WARN_ENUM_CONVERSION = YES;
				CLANG_WARN_INFINITE_RECURSION = YES;
				CLANG_WARN_INT_CONVERSION = YES;
				CLANG_WARN_NON_LITERAL_NULL_CONVERSION = YES;
				CLANG_WARN_OBJC_IMPLICIT_RETAIN_SELF = YES;
				CLANG_WARN_OBJC_LITERAL_CONVERSION = YES;
				CLANG_WARN_OBJC_ROOT_CLASS = YES_ERROR;
				CLANG_WARN_QUOTED_INCLUDE_IN_FRAMEWORK_HEADER = YES;
				CLANG_WARN_RANGE_LOOP_ANALYSIS = YES;
				CLANG_WARN_STRICT_PROTOTYPES = YES;
				CLANG_WARN_SUSPICIOUS_MOVE = YES;
				CLANG_WARN_UNGUARDED_AVAILABILITY = YES_AGGRESSIVE;
				CLANG_WARN_UNREACHABLE_CODE = YES;
				CLANG_WARN__DUPLICATE_METHOD_MATCH = YES;
				COPY_PHASE_STRIP = NO;
				DEBUG_INFORMATION_FORMAT = dwarf;
				ENABLE_STRICT_OBJC_MSGSEND = YES;
				ENABLE_TESTABILITY = YES;
				GCC_C_LANGUAGE_STANDARD = gnu11;
				GCC_DYNAMIC_NO_PIC = NO;
				GCC_NO_COMMON_BLOCKS = YES;
				GCC_OPTIMIZATION_LEVEL = 0;
				GCC_PREPROCESSOR_DEFINITIONS = (
					"DEBUG=1",
					"$(inherited)",
				);
				GCC_WARN_64_TO_32_BIT_CONVERSION = YES;
				GCC_WARN_ABOUT_RETURN_TYPE = YES_ERROR;
				GCC_WARN_UNDECLARED_SELECTOR = YES;
				GCC_WARN_UNINITIALIZED_AUTOS = YES_AGGRESSIVE;
				GCC_WARN_UNUSED_FUNCTION = YES;
				GCC_WARN_UNUSED_VARIABLE = YES;
				IPHONEOS_DEPLOYMENT_TARGET = 16.4;
				MTL_ENABLE_DEBUG_INFO = INCLUDE_SOURCE;
				MTL_FAST_MATH = YES;
				ONLY_ACTIVE_ARCH = YES;
				SDKROOT = iphoneos;
				SWIFT_ACTIVE_COMPILATION_CONDITIONS = DEBUG;
				SWIFT_OPTIMIZATION_LEVEL = "-Onone";
			};
			name = Debug;
		};
		A5513ED12AFE61DB000BAD05 /* Release */ = {
			isa = XCBuildConfiguration;
			buildSettings = {
				ALWAYS_SEARCH_USER_PATHS = NO;
				CLANG_ANALYZER_NONNULL = YES;
				CLANG_ANALYZER_NUMBER_OBJECT_CONVERSION = YES_AGGRESSIVE;
				CLANG_CXX_LANGUAGE_STANDARD = "gnu++20";
				CLANG_ENABLE_MODULES = YES;
				CLANG_ENABLE_OBJC_ARC = YES;
				CLANG_ENABLE_OBJC_WEAK = YES;
				CLANG_WARN_BLOCK_CAPTURE_AUTORELEASING = YES;
				CLANG_WARN_BOOL_CONVERSION = YES;
				CLANG_WARN_COMMA = YES;
				CLANG_WARN_CONSTANT_CONVERSION = YES;
				CLANG_WARN_DEPRECATED_OBJC_IMPLEMENTATIONS = YES;
				CLANG_WARN_DIRECT_OBJC_ISA_USAGE = YES_ERROR;
				CLANG_WARN_DOCUMENTATION_COMMENTS = YES;
				CLANG_WARN_EMPTY_BODY = YES;
				CLANG_WARN_ENUM_CONVERSION = YES;
				CLANG_WARN_INFINITE_RECURSION = YES;
				CLANG_WARN_INT_CONVERSION = YES;
				CLANG_WARN_NON_LITERAL_NULL_CONVERSION = YES;
				CLANG_WARN_OBJC_IMPLICIT_RETAIN_SELF = YES;
				CLANG_WARN_OBJC_LITERAL_CONVERSION = YES;
				CLANG_WARN_OBJC_ROOT_CLASS = YES_ERROR;
				CLANG_WARN_QUOTED_INCLUDE_IN_FRAMEWORK_HEADER = YES;
				CLANG_WARN_RANGE_LOOP_ANALYSIS = YES;
				CLANG_WARN_STRICT_PROTOTYPES = YES;
				CLANG_WARN_SUSPICIOUS_MOVE = YES;
				CLANG_WARN_UNGUARDED_AVAILABILITY = YES_AGGRESSIVE;
				CLANG_WARN_UNREACHABLE_CODE = YES;
				CLANG_WARN__DUPLICATE_METHOD_MATCH = YES;
				COPY_PHASE_STRIP = NO;
				DEBUG_INFORMATION_FORMAT = "dwarf-with-dsym";
				ENABLE_NS_ASSERTIONS = NO;
				ENABLE_STRICT_OBJC_MSGSEND = YES;
				GCC_C_LANGUAGE_STANDARD = gnu11;
				GCC_NO_COMMON_BLOCKS = YES;
				GCC_WARN_64_TO_32_BIT_CONVERSION = YES;
				GCC_WARN_ABOUT_RETURN_TYPE = YES_ERROR;
				GCC_WARN_UNDECLARED_SELECTOR = YES;
				GCC_WARN_UNINITIALIZED_AUTOS = YES_AGGRESSIVE;
				GCC_WARN_UNUSED_FUNCTION = YES;
				GCC_WARN_UNUSED_VARIABLE = YES;
				IPHONEOS_DEPLOYMENT_TARGET = 16.4;
				MTL_ENABLE_DEBUG_INFO = NO;
				MTL_FAST_MATH = YES;
				SDKROOT = iphoneos;
				SWIFT_COMPILATION_MODE = wholemodule;
				SWIFT_OPTIMIZATION_LEVEL = "-O";
				VALIDATE_PRODUCT = YES;
			};
			name = Release;
		};
		A5513ED32AFE61DB000BAD05 /* Debug */ = {
			isa = XCBuildConfiguration;
			buildSettings = {
				ASSETCATALOG_COMPILER_APPICON_NAME = AppIcon;
				ASSETCATALOG_COMPILER_GLOBAL_ACCENT_COLOR_NAME = AccentColor;
				CODE_SIGN_STYLE = Automatic;
				CURRENT_PROJECT_VERSION = 1;
				DEVELOPMENT_TEAM = RYNT79DTV4;
				GENERATE_INFOPLIST_FILE = YES;
				INFOPLIST_FILE = LineMangaSample/Info.plist;
				INFOPLIST_KEY_UIApplicationSupportsIndirectInputEvents = YES;
				INFOPLIST_KEY_UILaunchStoryboardName = LaunchScreen;
				INFOPLIST_KEY_UISupportedInterfaceOrientations = UIInterfaceOrientationPortrait;
				INFOPLIST_KEY_UISupportedInterfaceOrientations_iPad = "UIInterfaceOrientationLandscapeLeft UIInterfaceOrientationLandscapeRight UIInterfaceOrientationPortrait UIInterfaceOrientationPortraitUpsideDown";
				IPHONEOS_DEPLOYMENT_TARGET = 15.0;
				LD_RUNPATH_SEARCH_PATHS = (
					"$(inherited)",
					"@executable_path/Frameworks",
				);
				MARKETING_VERSION = 1.0;
				PRODUCT_BUNDLE_IDENTIFIER = com.gmail.tibita0811.LineMangaSample;
				PRODUCT_NAME = "$(TARGET_NAME)";
				SUPPORTED_PLATFORMS = "iphoneos iphonesimulator";
				SUPPORTS_MACCATALYST = NO;
				SUPPORTS_MAC_DESIGNED_FOR_IPHONE_IPAD = NO;
				SWIFT_EMIT_LOC_STRINGS = YES;
				SWIFT_VERSION = 5.0;
				TARGETED_DEVICE_FAMILY = "1,2";
			};
			name = Debug;
		};
		A5513ED42AFE61DB000BAD05 /* Release */ = {
			isa = XCBuildConfiguration;
			buildSettings = {
				ASSETCATALOG_COMPILER_APPICON_NAME = AppIcon;
				ASSETCATALOG_COMPILER_GLOBAL_ACCENT_COLOR_NAME = AccentColor;
				CODE_SIGN_STYLE = Automatic;
				CURRENT_PROJECT_VERSION = 1;
				DEVELOPMENT_TEAM = RYNT79DTV4;
				GENERATE_INFOPLIST_FILE = YES;
				INFOPLIST_FILE = LineMangaSample/Info.plist;
				INFOPLIST_KEY_UIApplicationSupportsIndirectInputEvents = YES;
				INFOPLIST_KEY_UILaunchStoryboardName = LaunchScreen;
				INFOPLIST_KEY_UISupportedInterfaceOrientations = UIInterfaceOrientationPortrait;
				INFOPLIST_KEY_UISupportedInterfaceOrientations_iPad = "UIInterfaceOrientationLandscapeLeft UIInterfaceOrientationLandscapeRight UIInterfaceOrientationPortrait UIInterfaceOrientationPortraitUpsideDown";
				IPHONEOS_DEPLOYMENT_TARGET = 15.0;
				LD_RUNPATH_SEARCH_PATHS = (
					"$(inherited)",
					"@executable_path/Frameworks",
				);
				MARKETING_VERSION = 1.0;
				PRODUCT_BUNDLE_IDENTIFIER = com.gmail.tibita0811.LineMangaSample;
				PRODUCT_NAME = "$(TARGET_NAME)";
				SUPPORTED_PLATFORMS = "iphoneos iphonesimulator";
				SUPPORTS_MACCATALYST = NO;
				SUPPORTS_MAC_DESIGNED_FOR_IPHONE_IPAD = NO;
				SWIFT_EMIT_LOC_STRINGS = YES;
				SWIFT_VERSION = 5.0;
				TARGETED_DEVICE_FAMILY = "1,2";
			};
			name = Release;
		};
/* End XCBuildConfiguration section */

/* Begin XCConfigurationList section */
		A5513EB92AFE61D9000BAD05 /* Build configuration list for PBXProject "LineMangaSample" */ = {
			isa = XCConfigurationList;
			buildConfigurations = (
				A5513ED02AFE61DB000BAD05 /* Debug */,
				A5513ED12AFE61DB000BAD05 /* Release */,
			);
			defaultConfigurationIsVisible = 0;
			defaultConfigurationName = Release;
		};
		A5513ED22AFE61DB000BAD05 /* Build configuration list for PBXNativeTarget "LineMangaSample" */ = {
			isa = XCConfigurationList;
			buildConfigurations = (
				A5513ED32AFE61DB000BAD05 /* Debug */,
				A5513ED42AFE61DB000BAD05 /* Release */,
			);
			defaultConfigurationIsVisible = 0;
			defaultConfigurationName = Release;
		};
/* End XCConfigurationList section */

/* Begin XCRemoteSwiftPackageReference section */
		A5EBA5ED2AFF7EDA00210FD9 /* XCRemoteSwiftPackageReference "PinLayout" */ = {
			isa = XCRemoteSwiftPackageReference;
			repositoryURL = "https://github.com/layoutBox/PinLayout";
			requirement = {
				kind = upToNextMajorVersion;
				minimumVersion = 1.10.5;
			};
		};
/* End XCRemoteSwiftPackageReference section */

/* Begin XCSwiftPackageProductDependency section */
		A5EBA5EE2AFF7EDA00210FD9 /* PinLayout */ = {
			isa = XCSwiftPackageProductDependency;
			package = A5EBA5ED2AFF7EDA00210FD9 /* XCRemoteSwiftPackageReference "PinLayout" */;
			productName = PinLayout;
		};
/* End XCSwiftPackageProductDependency section */
	};
	rootObject = A5513EB62AFE61D9000BAD05 /* Project object */;
}
